
Microsoft Visual Studio Solution File, Format Version 12.00
# Visual Studio 15
VisualStudioVersion = 15.0.26124.0
MinimumVisualStudioVersion = 15.0.26124.0
Project("{2150E333-8FDC-42A3-9474-1A3956D46DE8}") = "src", "src", "{8D777D02-43F8-4139-BFF4-96C5D61A49A8}"
EndProject
Project("{FAE04EC0-301F-11D3-BF4B-00C04F79EFBC}") = "Comet.Account", "src\Comet.Account\Comet.Account.csproj", "{3B4B4C3B-5B5F-4CDE-8A08-ECCF3CAE0ECE}"
EndProject
Project("{FAE04EC0-301F-11D3-BF4B-00C04F79EFBC}") = "Comet.Game", "src\Comet.Game\Comet.Game.csproj", "{7A6CC874-F669-4DA8-86B3-F526893170F9}"
EndProject
Project("{FAE04EC0-301F-11D3-BF4B-00C04F79EFBC}") = "Comet.Network", "src\Comet.Network\Comet.Network.csproj", "{AE65C717-2C6D-4657-BE96-672ABF5A4724}"
EndProject
Project("{FAE04EC0-301F-11D3-BF4B-00C04F79EFBC}") = "Comet.Core", "src\Comet.Core\Comet.Core.csproj", "{8F7D9D60-5E68-4578-BA2B-893180C36DDE}"
EndProject
Project("{2150E333-8FDC-42A3-9474-1A3956D46DE8}") = "tests", "tests", "{908B098A-4410-4F12-8BE5-40489F5B027B}"
EndProject
Project("{FAE04EC0-301F-11D3-BF4B-00C04F79EFBC}") = "Comet.Core.Tests", "tests\Comet.Core.Tests\Comet.Core.Tests.csproj", "{2F42EA57-AC98-47F1-A00F-1F442F4C506A}"
EndProject
Project("{FAE04EC0-301F-11D3-BF4B-00C04F79EFBC}") = "Comet.Network.Tests", "tests\Comet.Network.Tests\Comet.Network.Tests.csproj", "{C81DACA7-32F9-483A-BA3A-34C48E31C3D5}"
EndProject
Project("{FAE04EC0-301F-11D3-BF4B-00C04F79EFBC}") = "Comet.Account.Tests", "tests\Comet.Account.Tests\Comet.Account.Tests.csproj", "{F9487AFC-C15B-4026-9199-EDEAE1809C4B}"
EndProject
Project("{FAE04EC0-301F-11D3-BF4B-00C04F79EFBC}") = "Comet.Shared", "src\Comet.Shared\Comet.Shared.csproj", "{83EFAE67-FB03-4A6A-8A08-2628AEDD9C7C}"
EndProject
Global
	GlobalSection(SolutionConfigurationPlatforms) = preSolution
		Debug|Any CPU = Debug|Any CPU
		Debug|x64 = Debug|x64
		Debug|x86 = Debug|x86
		Release|Any CPU = Release|Any CPU
		Release|x64 = Release|x64
		Release|x86 = Release|x86
	EndGlobalSection
	GlobalSection(SolutionProperties) = preSolution
		HideSolutionNode = FALSE
	EndGlobalSection
	GlobalSection(ProjectConfigurationPlatforms) = postSolution
		{3B4B4C3B-5B5F-4CDE-8A08-ECCF3CAE0ECE}.Debug|Any CPU.ActiveCfg = Debug|Any CPU
		{3B4B4C3B-5B5F-4CDE-8A08-ECCF3CAE0ECE}.Debug|Any CPU.Build.0 = Debug|Any CPU
		{3B4B4C3B-5B5F-4CDE-8A08-ECCF3CAE0ECE}.Debug|x64.ActiveCfg = Debug|Any CPU
		{3B4B4C3B-5B5F-4CDE-8A08-ECCF3CAE0ECE}.Debug|x64.Build.0 = Debug|Any CPU
		{3B4B4C3B-5B5F-4CDE-8A08-ECCF3CAE0ECE}.Debug|x86.ActiveCfg = Debug|Any CPU
		{3B4B4C3B-5B5F-4CDE-8A08-ECCF3CAE0ECE}.Debug|x86.Build.0 = Debug|Any CPU
		{3B4B4C3B-5B5F-4CDE-8A08-ECCF3CAE0ECE}.Release|Any CPU.ActiveCfg = Release|Any CPU
		{3B4B4C3B-5B5F-4CDE-8A08-ECCF3CAE0ECE}.Release|Any CPU.Build.0 = Release|Any CPU
		{3B4B4C3B-5B5F-4CDE-8A08-ECCF3CAE0ECE}.Release|x64.ActiveCfg = Release|Any CPU
		{3B4B4C3B-5B5F-4CDE-8A08-ECCF3CAE0ECE}.Release|x64.Build.0 = Release|Any CPU
		{3B4B4C3B-5B5F-4CDE-8A08-ECCF3CAE0ECE}.Release|x86.ActiveCfg = Release|Any CPU
		{3B4B4C3B-5B5F-4CDE-8A08-ECCF3CAE0ECE}.Release|x86.Build.0 = Release|Any CPU
		{7A6CC874-F669-4DA8-86B3-F526893170F9}.Debug|Any CPU.ActiveCfg = Debug|Any CPU
		{7A6CC874-F669-4DA8-86B3-F526893170F9}.Debug|Any CPU.Build.0 = Debug|Any CPU
		{7A6CC874-F669-4DA8-86B3-F526893170F9}.Debug|x64.ActiveCfg = Debug|Any CPU
		{7A6CC874-F669-4DA8-86B3-F526893170F9}.Debug|x64.Build.0 = Debug|Any CPU
		{7A6CC874-F669-4DA8-86B3-F526893170F9}.Debug|x86.ActiveCfg = Debug|Any CPU
		{7A6CC874-F669-4DA8-86B3-F526893170F9}.Debug|x86.Build.0 = Debug|Any CPU
		{7A6CC874-F669-4DA8-86B3-F526893170F9}.Release|Any CPU.ActiveCfg = Release|Any CPU
		{7A6CC874-F669-4DA8-86B3-F526893170F9}.Release|Any CPU.Build.0 = Release|Any CPU
		{7A6CC874-F669-4DA8-86B3-F526893170F9}.Release|x64.ActiveCfg = Release|Any CPU
		{7A6CC874-F669-4DA8-86B3-F526893170F9}.Release|x64.Build.0 = Release|Any CPU
		{7A6CC874-F669-4DA8-86B3-F526893170F9}.Release|x86.ActiveCfg = Release|Any CPU
		{7A6CC874-F669-4DA8-86B3-F526893170F9}.Release|x86.Build.0 = Release|Any CPU
		{AE65C717-2C6D-4657-BE96-672ABF5A4724}.Debug|Any CPU.ActiveCfg = Debug|Any CPU
		{AE65C717-2C6D-4657-BE96-672ABF5A4724}.Debug|Any CPU.Build.0 = Debug|Any CPU
		{AE65C717-2C6D-4657-BE96-672ABF5A4724}.Debug|x64.ActiveCfg = Debug|Any CPU
		{AE65C717-2C6D-4657-BE96-672ABF5A4724}.Debug|x64.Build.0 = Debug|Any CPU
		{AE65C717-2C6D-4657-BE96-672ABF5A4724}.Debug|x86.ActiveCfg = Debug|Any CPU
		{AE65C717-2C6D-4657-BE96-672ABF5A4724}.Debug|x86.Build.0 = Debug|Any CPU
		{AE65C717-2C6D-4657-BE96-672ABF5A4724}.Release|Any CPU.ActiveCfg = Release|Any CPU
		{AE65C717-2C6D-4657-BE96-672ABF5A4724}.Release|Any CPU.Build.0 = Release|Any CPU
		{AE65C717-2C6D-4657-BE96-672ABF5A4724}.Release|x64.ActiveCfg = Release|Any CPU
		{AE65C717-2C6D-4657-BE96-672ABF5A4724}.Release|x64.Build.0 = Release|Any CPU
		{AE65C717-2C6D-4657-BE96-672ABF5A4724}.Release|x86.ActiveCfg = Release|Any CPU
		{AE65C717-2C6D-4657-BE96-672ABF5A4724}.Release|x86.Build.0 = Release|Any CPU
		{8F7D9D60-5E68-4578-BA2B-893180C36DDE}.Debug|Any CPU.ActiveCfg = Debug|Any CPU
		{8F7D9D60-5E68-4578-BA2B-893180C36DDE}.Debug|Any CPU.Build.0 = Debug|Any CPU
		{8F7D9D60-5E68-4578-BA2B-893180C36DDE}.Debug|x64.ActiveCfg = Debug|Any CPU
		{8F7D9D60-5E68-4578-BA2B-893180C36DDE}.Debug|x64.Build.0 = Debug|Any CPU
		{8F7D9D60-5E68-4578-BA2B-893180C36DDE}.Debug|x86.ActiveCfg = Debug|Any CPU
		{8F7D9D60-5E68-4578-BA2B-893180C36DDE}.Debug|x86.Build.0 = Debug|Any CPU
		{8F7D9D60-5E68-4578-BA2B-893180C36DDE}.Release|Any CPU.ActiveCfg = Release|Any CPU
		{8F7D9D60-5E68-4578-BA2B-893180C36DDE}.Release|Any CPU.Build.0 = Release|Any CPU
		{8F7D9D60-5E68-4578-BA2B-893180C36DDE}.Release|x64.ActiveCfg = Release|Any CPU
		{8F7D9D60-5E68-4578-BA2B-893180C36DDE}.Release|x64.Build.0 = Release|Any CPU
		{8F7D9D60-5E68-4578-BA2B-893180C36DDE}.Release|x86.ActiveCfg = Release|Any CPU
		{8F7D9D60-5E68-4578-BA2B-893180C36DDE}.Release|x86.Build.0 = Release|Any CPU
		{2F42EA57-AC98-47F1-A00F-1F442F4C506A}.Debug|Any CPU.ActiveCfg = Debug|Any CPU
		{2F42EA57-AC98-47F1-A00F-1F442F4C506A}.Debug|Any CPU.Build.0 = Debug|Any CPU
		{2F42EA57-AC98-47F1-A00F-1F442F4C506A}.Debug|x64.ActiveCfg = Debug|Any CPU
		{2F42EA57-AC98-47F1-A00F-1F442F4C506A}.Debug|x64.Build.0 = Debug|Any CPU
		{2F42EA57-AC98-47F1-A00F-1F442F4C506A}.Debug|x86.ActiveCfg = Debug|Any CPU
		{2F42EA57-AC98-47F1-A00F-1F442F4C506A}.Debug|x86.Build.0 = Debug|Any CPU
		{2F42EA57-AC98-47F1-A00F-1F442F4C506A}.Release|Any CPU.ActiveCfg = Release|Any CPU
		{2F42EA57-AC98-47F1-A00F-1F442F4C506A}.Release|Any CPU.Build.0 = Release|Any CPU
		{2F42EA57-AC98-47F1-A00F-1F442F4C506A}.Release|x64.ActiveCfg = Release|Any CPU
		{2F42EA57-AC98-47F1-A00F-1F442F4C506A}.Release|x64.Build.0 = Release|Any CPU
		{2F42EA57-AC98-47F1-A00F-1F442F4C506A}.Release|x86.ActiveCfg = Release|Any CPU
		{2F42EA57-AC98-47F1-A00F-1F442F4C506A}.Release|x86.Build.0 = Release|Any CPU
		{C81DACA7-32F9-483A-BA3A-34C48E31C3D5}.Debug|Any CPU.ActiveCfg = Debug|Any CPU
		{C81DACA7-32F9-483A-BA3A-34C48E31C3D5}.Debug|Any CPU.Build.0 = Debug|Any CPU
		{C81DACA7-32F9-483A-BA3A-34C48E31C3D5}.Debug|x64.ActiveCfg = Debug|Any CPU
		{C81DACA7-32F9-483A-BA3A-34C48E31C3D5}.Debug|x64.Build.0 = Debug|Any CPU
		{C81DACA7-32F9-483A-BA3A-34C48E31C3D5}.Debug|x86.ActiveCfg = Debug|Any CPU
		{C81DACA7-32F9-483A-BA3A-34C48E31C3D5}.Debug|x86.Build.0 = Debug|Any CPU
		{C81DACA7-32F9-483A-BA3A-34C48E31C3D5}.Release|Any CPU.ActiveCfg = Release|Any CPU
		{C81DACA7-32F9-483A-BA3A-34C48E31C3D5}.Release|Any CPU.Build.0 = Release|Any CPU
		{C81DACA7-32F9-483A-BA3A-34C48E31C3D5}.Release|x64.ActiveCfg = Release|Any CPU
		{C81DACA7-32F9-483A-BA3A-34C48E31C3D5}.Release|x64.Build.0 = Release|Any CPU
		{C81DACA7-32F9-483A-BA3A-34C48E31C3D5}.Release|x86.ActiveCfg = Release|Any CPU
		{C81DACA7-32F9-483A-BA3A-34C48E31C3D5}.Release|x86.Build.0 = Release|Any CPU
		{F9487AFC-C15B-4026-9199-EDEAE1809C4B}.Debug|Any CPU.ActiveCfg = Debug|Any CPU
		{F9487AFC-C15B-4026-9199-EDEAE1809C4B}.Debug|Any CPU.Build.0 = Debug|Any CPU
		{F9487AFC-C15B-4026-9199-EDEAE1809C4B}.Debug|x64.ActiveCfg = Debug|Any CPU
		{F9487AFC-C15B-4026-9199-EDEAE1809C4B}.Debug|x64.Build.0 = Debug|Any CPU
		{F9487AFC-C15B-4026-9199-EDEAE1809C4B}.Debug|x86.ActiveCfg = Debug|Any CPU
		{F9487AFC-C15B-4026-9199-EDEAE1809C4B}.Debug|x86.Build.0 = Debug|Any CPU
		{F9487AFC-C15B-4026-9199-EDEAE1809C4B}.Release|Any CPU.ActiveCfg = Release|Any CPU
		{F9487AFC-C15B-4026-9199-EDEAE1809C4B}.Release|Any CPU.Build.0 = Release|Any CPU
		{F9487AFC-C15B-4026-9199-EDEAE1809C4B}.Release|x64.ActiveCfg = Release|Any CPU
		{F9487AFC-C15B-4026-9199-EDEAE1809C4B}.Release|x64.Build.0 = Release|Any CPU
		{F9487AFC-C15B-4026-9199-EDEAE1809C4B}.Release|x86.ActiveCfg = Release|Any CPU
		{F9487AFC-C15B-4026-9199-EDEAE1809C4B}.Release|x86.Build.0 = Release|Any CPU
		{83EFAE67-FB03-4A6A-8A08-2628AEDD9C7C}.Debug|Any CPU.ActiveCfg = Debug|Any CPU
		{83EFAE67-FB03-4A6A-8A08-2628AEDD9C7C}.Debug|Any CPU.Build.0 = Debug|Any CPU
		{83EFAE67-FB03-4A6A-8A08-2628AEDD9C7C}.Debug|x64.ActiveCfg = Debug|Any CPU
		{83EFAE67-FB03-4A6A-8A08-2628AEDD9C7C}.Debug|x64.Build.0 = Debug|Any CPU
		{83EFAE67-FB03-4A6A-8A08-2628AEDD9C7C}.Debug|x86.ActiveCfg = Debug|Any CPU
		{83EFAE67-FB03-4A6A-8A08-2628AEDD9C7C}.Debug|x86.Build.0 = Debug|Any CPU
		{83EFAE67-FB03-4A6A-8A08-2628AEDD9C7C}.Release|Any CPU.ActiveCfg = Release|Any CPU
		{83EFAE67-FB03-4A6A-8A08-2628AEDD9C7C}.Release|Any CPU.Build.0 = Release|Any CPU
		{83EFAE67-FB03-4A6A-8A08-2628AEDD9C7C}.Release|x64.ActiveCfg = Release|Any CPU
		{83EFAE67-FB03-4A6A-8A08-2628AEDD9C7C}.Release|x64.Build.0 = Release|Any CPU
		{83EFAE67-FB03-4A6A-8A08-2628AEDD9C7C}.Release|x86.ActiveCfg = Release|Any CPU
		{83EFAE67-FB03-4A6A-8A08-2628AEDD9C7C}.Release|x86.Build.0 = Release|Any CPU
	EndGlobalSection
	GlobalSection(NestedProjects) = preSolution
		{3B4B4C3B-5B5F-4CDE-8A08-ECCF3CAE0ECE} = {8D777D02-43F8-4139-BFF4-96C5D61A49A8}
		{7A6CC874-F669-4DA8-86B3-F526893170F9} = {8D777D02-43F8-4139-BFF4-96C5D61A49A8}
		{AE65C717-2C6D-4657-BE96-672ABF5A4724} = {8D777D02-43F8-4139-BFF4-96C5D61A49A8}
		{8F7D9D60-5E68-4578-BA2B-893180C36DDE} = {8D777D02-43F8-4139-BFF4-96C5D61A49A8}
		{2F42EA57-AC98-47F1-A00F-1F442F4C506A} = {908B098A-4410-4F12-8BE5-40489F5B027B}
		{C81DACA7-32F9-483A-BA3A-34C48E31C3D5} = {908B098A-4410-4F12-8BE5-40489F5B027B}
		{F9487AFC-C15B-4026-9199-EDEAE1809C4B} = {908B098A-4410-4F12-8BE5-40489F5B027B}
		{83EFAE67-FB03-4A6A-8A08-2628AEDD9C7C} = {8D777D02-43F8-4139-BFF4-96C5D61A49A8}
	EndGlobalSection
EndGlobal
